// !$*UTF8*$!
{
	archiveVersion = 1;
	classes = {
	};
	objectVersion = 50;
	objects = {

/* Begin PBXBuildFile section */
		AD142BED239997B200A26F0B /* Endpoint.swift in Sources */ = {isa = PBXBuildFile; fileRef = AD142BEC239997B200A26F0B /* Endpoint.swift */; };
		AD142BEF23999D5F00A26F0B /* Endpoint.swift in Sources */ = {isa = PBXBuildFile; fileRef = AD142BEC239997B200A26F0B /* Endpoint.swift */; };
		AD142BF5239A686400A26F0B /* HTTP.swift in Sources */ = {isa = PBXBuildFile; fileRef = ADC2A22A238714B10096F1ED /* HTTP.swift */; };
		AD142C01239BC8DD00A26F0B /* IntegrationTests.swift in Sources */ = {isa = PBXBuildFile; fileRef = AD142C00239BC8DD00A26F0B /* IntegrationTests.swift */; };
		AD142C02239BCBD900A26F0B /* Trip.swift in Sources */ = {isa = PBXBuildFile; fileRef = AD18F04F2385358300F3D1B8 /* Trip.swift */; };
		AD142C03239C0C2C00A26F0B /* Ticket.swift in Sources */ = {isa = PBXBuildFile; fileRef = ADECEB132375AAD70097B726 /* Ticket.swift */; };
		AD18F0502385358300F3D1B8 /* Trip.swift in Sources */ = {isa = PBXBuildFile; fileRef = AD18F04F2385358300F3D1B8 /* Trip.swift */; };
		AD1F061A236760CC00F74D9A /* AppDelegate.swift in Sources */ = {isa = PBXBuildFile; fileRef = AD1F0619236760CC00F74D9A /* AppDelegate.swift */; };
		AD1F061C236760CC00F74D9A /* SceneDelegate.swift in Sources */ = {isa = PBXBuildFile; fileRef = AD1F061B236760CC00F74D9A /* SceneDelegate.swift */; };
		AD1F061E236760CC00F74D9A /* HomeView.swift in Sources */ = {isa = PBXBuildFile; fileRef = AD1F061D236760CC00F74D9A /* HomeView.swift */; };
		AD1F0620236760CD00F74D9A /* Assets.xcassets in Resources */ = {isa = PBXBuildFile; fileRef = AD1F061F236760CD00F74D9A /* Assets.xcassets */; };
		AD1F0623236760CD00F74D9A /* Preview Assets.xcassets in Resources */ = {isa = PBXBuildFile; fileRef = AD1F0622236760CD00F74D9A /* Preview Assets.xcassets */; };
		AD1F0626236760CD00F74D9A /* LaunchScreen.storyboard in Resources */ = {isa = PBXBuildFile; fileRef = AD1F0624236760CD00F74D9A /* LaunchScreen.storyboard */; };
		AD1F063C236760CD00F74D9A /* SequorUITests.swift in Sources */ = {isa = PBXBuildFile; fileRef = AD1F063B236760CD00F74D9A /* SequorUITests.swift */; };
		AD34F9A9239FB0A100B78DAA /* TripSegmentator.swift in Sources */ = {isa = PBXBuildFile; fileRef = AD34F9A8239FB0A100B78DAA /* TripSegmentator.swift */; };
		AD7E5A5A2399147400A22B7C /* NetworkTests.swift in Sources */ = {isa = PBXBuildFile; fileRef = AD7E5A592399147400A22B7C /* NetworkTests.swift */; };
		AD7FAB06239FA9DE002EAAEB /* MapView.swift in Sources */ = {isa = PBXBuildFile; fileRef = AD114B672378A5E400313515 /* MapView.swift */; };
		ADA166EE238430E700C53998 /* ActivityView.swift in Sources */ = {isa = PBXBuildFile; fileRef = ADA166ED238430E700C53998 /* ActivityView.swift */; };
		ADBEB00923743CB9001534CD /* DashboardView.swift in Sources */ = {isa = PBXBuildFile; fileRef = ADBEB00823743CB9001534CD /* DashboardView.swift */; };
		ADBEB00D2374423D001534CD /* PurchaseView.swift in Sources */ = {isa = PBXBuildFile; fileRef = ADBEB00C2374423D001534CD /* PurchaseView.swift */; };
		ADC2A22B238714B10096F1ED /* HTTP.swift in Sources */ = {isa = PBXBuildFile; fileRef = ADC2A22A238714B10096F1ED /* HTTP.swift */; };
		ADCD0ADD23A02DDB0038114F /* LocationSegment.swift in Sources */ = {isa = PBXBuildFile; fileRef = ADCD0ADC23A02DDB0038114F /* LocationSegment.swift */; };
		ADCD0AE023A02E260038114F /* +CMMotionActivity.swift in Sources */ = {isa = PBXBuildFile; fileRef = ADCD0ADF23A02E260038114F /* +CMMotionActivity.swift */; };
		ADD8B71D237B0C9F00D8DD55 /* AppState.swift in Sources */ = {isa = PBXBuildFile; fileRef = ADD8B71C237B0C9F00D8DD55 /* AppState.swift */; };
		ADD8B71F237B0DDD00D8DD55 /* Profile.swift in Sources */ = {isa = PBXBuildFile; fileRef = ADD8B71E237B0DDD00D8DD55 /* Profile.swift */; };
		ADD8B723237B4ECF00D8DD55 /* RelativeTime.swift in Sources */ = {isa = PBXBuildFile; fileRef = ADD8B722237B4ECF00D8DD55 /* RelativeTime.swift */; };
		ADDFE16A23748F24007BD2A8 /* Coupon.swift in Sources */ = {isa = PBXBuildFile; fileRef = ADDFE16923748F24007BD2A8 /* Coupon.swift */; };
		ADDFE16D23748F4B007BD2A8 /* CouponView.swift in Sources */ = {isa = PBXBuildFile; fileRef = ADDFE16C23748F4B007BD2A8 /* CouponView.swift */; };
		ADECEB142375AAD70097B726 /* Ticket.swift in Sources */ = {isa = PBXBuildFile; fileRef = ADECEB132375AAD70097B726 /* Ticket.swift */; };
/* End PBXBuildFile section */

/* Begin PBXContainerItemProxy section */
		AD1F062D236760CD00F74D9A /* PBXContainerItemProxy */ = {
			isa = PBXContainerItemProxy;
			containerPortal = AD1F060E236760CC00F74D9A /* Project object */;
			proxyType = 1;
			remoteGlobalIDString = AD1F0615236760CC00F74D9A;
			remoteInfo = Sequor;
		};
		AD1F0638236760CD00F74D9A /* PBXContainerItemProxy */ = {
			isa = PBXContainerItemProxy;
			containerPortal = AD1F060E236760CC00F74D9A /* Project object */;
			proxyType = 1;
			remoteGlobalIDString = AD1F0615236760CC00F74D9A;
			remoteInfo = Sequor;
		};
/* End PBXContainerItemProxy section */

/* Begin PBXFileReference section */
		132F7DC7236858AF00ACE585 /* AccountView.swift */ = {isa = PBXFileReference; lastKnownFileType = sourcecode.swift; path = AccountView.swift; sourceTree = "<group>"; };
		13BD5C0F2375A7CD00B44A26 /* +Double.swift */ = {isa = PBXFileReference; lastKnownFileType = sourcecode.swift; path = "+Double.swift"; sourceTree = "<group>"; };
		13BFC8E62368435500BE20D0 /* LoginView.swift */ = {isa = PBXFileReference; lastKnownFileType = sourcecode.swift; path = LoginView.swift; sourceTree = "<group>"; };
		AD114B672378A5E400313515 /* MapView.swift */ = {isa = PBXFileReference; lastKnownFileType = sourcecode.swift; path = MapView.swift; sourceTree = "<group>"; };
		AD142BEC239997B200A26F0B /* Endpoint.swift */ = {isa = PBXFileReference; lastKnownFileType = sourcecode.swift; path = Endpoint.swift; sourceTree = "<group>"; };
		AD142C00239BC8DD00A26F0B /* IntegrationTests.swift */ = {isa = PBXFileReference; lastKnownFileType = sourcecode.swift; path = IntegrationTests.swift; sourceTree = "<group>"; };
		AD18F04D2385352300F3D1B8 /* LocationLogger.swift */ = {isa = PBXFileReference; lastKnownFileType = sourcecode.swift; path = LocationLogger.swift; sourceTree = "<group>"; };
		AD18F04F2385358300F3D1B8 /* Trip.swift */ = {isa = PBXFileReference; lastKnownFileType = sourcecode.swift; path = Trip.swift; sourceTree = "<group>"; };
		AD1F0616236760CC00F74D9A /* Sequor.app */ = {isa = PBXFileReference; explicitFileType = wrapper.application; includeInIndex = 0; path = Sequor.app; sourceTree = BUILT_PRODUCTS_DIR; };
		AD1F0619236760CC00F74D9A /* AppDelegate.swift */ = {isa = PBXFileReference; indentWidth = 2; lastKnownFileType = sourcecode.swift; path = AppDelegate.swift; sourceTree = "<group>"; tabWidth = 2; };
		AD1F061B236760CC00F74D9A /* SceneDelegate.swift */ = {isa = PBXFileReference; indentWidth = 2; lastKnownFileType = sourcecode.swift; path = SceneDelegate.swift; sourceTree = "<group>"; tabWidth = 2; };
		AD1F061D236760CC00F74D9A /* HomeView.swift */ = {isa = PBXFileReference; indentWidth = 2; lastKnownFileType = sourcecode.swift; path = HomeView.swift; sourceTree = "<group>"; tabWidth = 2; };
		AD1F061F236760CD00F74D9A /* Assets.xcassets */ = {isa = PBXFileReference; lastKnownFileType = folder.assetcatalog; path = Assets.xcassets; sourceTree = "<group>"; };
		AD1F0622236760CD00F74D9A /* Preview Assets.xcassets */ = {isa = PBXFileReference; lastKnownFileType = folder.assetcatalog; path = "Preview Assets.xcassets"; sourceTree = "<group>"; };
		AD1F0625236760CD00F74D9A /* Base */ = {isa = PBXFileReference; lastKnownFileType = file.storyboard; name = Base; path = Base.lproj/LaunchScreen.storyboard; sourceTree = "<group>"; };
		AD1F0627236760CD00F74D9A /* Info.plist */ = {isa = PBXFileReference; lastKnownFileType = text.plist.xml; path = Info.plist; sourceTree = "<group>"; };
		AD1F062C236760CD00F74D9A /* SequorTests.xctest */ = {isa = PBXFileReference; explicitFileType = wrapper.cfbundle; includeInIndex = 0; path = SequorTests.xctest; sourceTree = BUILT_PRODUCTS_DIR; };
		AD1F0630236760CD00F74D9A /* SequorTests.swift */ = {isa = PBXFileReference; indentWidth = 2; lastKnownFileType = sourcecode.swift; path = SequorTests.swift; sourceTree = "<group>"; tabWidth = 2; };
		AD1F0632236760CD00F74D9A /* Info.plist */ = {isa = PBXFileReference; lastKnownFileType = text.plist.xml; path = Info.plist; sourceTree = "<group>"; };
		AD1F0637236760CD00F74D9A /* SequorUITests.xctest */ = {isa = PBXFileReference; explicitFileType = wrapper.cfbundle; includeInIndex = 0; path = SequorUITests.xctest; sourceTree = BUILT_PRODUCTS_DIR; };
		AD1F063B236760CD00F74D9A /* SequorUITests.swift */ = {isa = PBXFileReference; indentWidth = 2; lastKnownFileType = sourcecode.swift; path = SequorUITests.swift; sourceTree = "<group>"; tabWidth = 2; };
		AD1F063D236760CD00F74D9A /* Info.plist */ = {isa = PBXFileReference; lastKnownFileType = text.plist.xml; path = Info.plist; sourceTree = "<group>"; };
		AD1F0649236761BD00F74D9A /* README.md */ = {isa = PBXFileReference; lastKnownFileType = net.daringfireball.markdown; path = README.md; sourceTree = "<group>"; };
		AD34F9A8239FB0A100B78DAA /* TripSegmentator.swift */ = {isa = PBXFileReference; lastKnownFileType = sourcecode.swift; path = TripSegmentator.swift; sourceTree = "<group>"; };
		AD7E5A592399147400A22B7C /* NetworkTests.swift */ = {isa = PBXFileReference; lastKnownFileType = sourcecode.swift; path = NetworkTests.swift; sourceTree = "<group>"; };
		ADA166ED238430E700C53998 /* ActivityView.swift */ = {isa = PBXFileReference; lastKnownFileType = sourcecode.swift; path = ActivityView.swift; sourceTree = "<group>"; };
		ADA7E08423775FAF0077E225 /* RectangleGraph.swift */ = {isa = PBXFileReference; lastKnownFileType = sourcecode.swift; path = RectangleGraph.swift; sourceTree = "<group>"; };
		ADBEB00823743CB9001534CD /* DashboardView.swift */ = {isa = PBXFileReference; indentWidth = 2; lastKnownFileType = sourcecode.swift; path = DashboardView.swift; sourceTree = "<group>"; tabWidth = 2; };
		ADBEB00A23743E12001534CD /* CouponsView.swift */ = {isa = PBXFileReference; lastKnownFileType = sourcecode.swift; path = CouponsView.swift; sourceTree = "<group>"; };
		ADBEB00C2374423D001534CD /* PurchaseView.swift */ = {isa = PBXFileReference; indentWidth = 2; lastKnownFileType = sourcecode.swift; path = PurchaseView.swift; sourceTree = "<group>"; tabWidth = 2; };
		ADC2A22A238714B10096F1ED /* HTTP.swift */ = {isa = PBXFileReference; lastKnownFileType = sourcecode.swift; path = HTTP.swift; sourceTree = "<group>"; };
		ADCD0ADC23A02DDB0038114F /* LocationSegment.swift */ = {isa = PBXFileReference; lastKnownFileType = sourcecode.swift; path = LocationSegment.swift; sourceTree = "<group>"; };
		ADCD0ADF23A02E260038114F /* +CMMotionActivity.swift */ = {isa = PBXFileReference; lastKnownFileType = sourcecode.swift; path = "+CMMotionActivity.swift"; sourceTree = "<group>"; };
		ADD8B71C237B0C9F00D8DD55 /* AppState.swift */ = {isa = PBXFileReference; indentWidth = 2; lastKnownFileType = sourcecode.swift; path = AppState.swift; sourceTree = "<group>"; tabWidth = 2; };
		ADD8B71E237B0DDD00D8DD55 /* Profile.swift */ = {isa = PBXFileReference; indentWidth = 2; lastKnownFileType = sourcecode.swift; path = Profile.swift; sourceTree = "<group>"; tabWidth = 2; };
		ADD8B722237B4ECF00D8DD55 /* RelativeTime.swift */ = {isa = PBXFileReference; indentWidth = 2; lastKnownFileType = sourcecode.swift; path = RelativeTime.swift; sourceTree = "<group>"; tabWidth = 2; };
		ADD8B724237BF99900D8DD55 /* ActivityManager.swift */ = {isa = PBXFileReference; indentWidth = 2; lastKnownFileType = sourcecode.swift; path = ActivityManager.swift; sourceTree = "<group>"; tabWidth = 2; };
		ADDFE16923748F24007BD2A8 /* Coupon.swift */ = {isa = PBXFileReference; indentWidth = 2; lastKnownFileType = sourcecode.swift; path = Coupon.swift; sourceTree = "<group>"; tabWidth = 2; };
		ADDFE16C23748F4B007BD2A8 /* CouponView.swift */ = {isa = PBXFileReference; indentWidth = 2; lastKnownFileType = sourcecode.swift; path = CouponView.swift; sourceTree = "<group>"; tabWidth = 2; };
		ADECEB132375AAD70097B726 /* Ticket.swift */ = {isa = PBXFileReference; indentWidth = 2; lastKnownFileType = sourcecode.swift; path = Ticket.swift; sourceTree = "<group>"; tabWidth = 2; };
/* End PBXFileReference section */

/* Begin PBXFrameworksBuildPhase section */
		AD1F0613236760CC00F74D9A /* Frameworks */ = {
			isa = PBXFrameworksBuildPhase;
			buildActionMask = 2147483647;
			files = (
			);
			runOnlyForDeploymentPostprocessing = 0;
		};
		AD1F0629236760CD00F74D9A /* Frameworks */ = {
			isa = PBXFrameworksBuildPhase;
			buildActionMask = 2147483647;
			files = (
			);
			runOnlyForDeploymentPostprocessing = 0;
		};
		AD1F0634236760CD00F74D9A /* Frameworks */ = {
			isa = PBXFrameworksBuildPhase;
			buildActionMask = 2147483647;
			files = (
			);
			runOnlyForDeploymentPostprocessing = 0;
		};
/* End PBXFrameworksBuildPhase section */

/* Begin PBXGroup section */
		13BD5C0B2375A3B500B44A26 /* Components */ = {
			isa = PBXGroup;
			children = (
				ADA7E08423775FAF0077E225 /* RectangleGraph.swift */,
			);
			path = Components;
			sourceTree = "<group>";
		};
		13BD5C0E2375A7C000B44A26 /* Utils */ = {
			isa = PBXGroup;
			children = (
				13BD5C0F2375A7CD00B44A26 /* +Double.swift */,
			);
			path = Utils;
			sourceTree = "<group>";
		};
		AD142BEE23999D5700A26F0B /* Networking */ = {
			isa = PBXGroup;
			children = (
				ADC2A22A238714B10096F1ED /* HTTP.swift */,
				AD142BEC239997B200A26F0B /* Endpoint.swift */,
			);
			path = Networking;
			sourceTree = "<group>";
		};
		AD1F060D236760CC00F74D9A = {
			isa = PBXGroup;
			children = (
				AD1F0649236761BD00F74D9A /* README.md */,
				AD1F0618236760CC00F74D9A /* Sequor */,
				AD1F062F236760CD00F74D9A /* SequorTests */,
				AD1F063A236760CD00F74D9A /* SequorUITests */,
				AD1F0617236760CC00F74D9A /* Products */,
			);
			sourceTree = "<group>";
		};
		AD1F0617236760CC00F74D9A /* Products */ = {
			isa = PBXGroup;
			children = (
				AD1F0616236760CC00F74D9A /* Sequor.app */,
				AD1F062C236760CD00F74D9A /* SequorTests.xctest */,
				AD1F0637236760CD00F74D9A /* SequorUITests.xctest */,
			);
			name = Products;
			sourceTree = "<group>";
		};
		AD1F0618236760CC00F74D9A /* Sequor */ = {
			isa = PBXGroup;
			children = (
				ADCD0ADE23A02E1B0038114F /* Utils */,
				AD142BEE23999D5700A26F0B /* Networking */,
				ADDFE16823748F15007BD2A8 /* Models */,
				AD1F064A236761C800F74D9A /* Views */,
				AD1F0619236760CC00F74D9A /* AppDelegate.swift */,
				AD1F061B236760CC00F74D9A /* SceneDelegate.swift */,
				AD1F061F236760CD00F74D9A /* Assets.xcassets */,
				AD1F0624236760CD00F74D9A /* LaunchScreen.storyboard */,
				AD1F0627236760CD00F74D9A /* Info.plist */,
				AD1F0621236760CD00F74D9A /* Preview Content */,
				ADD8B71A237B0BBF00D8DD55 /* Unused */,
			);
			path = Sequor;
			sourceTree = "<group>";
		};
		AD1F0621236760CD00F74D9A /* Preview Content */ = {
			isa = PBXGroup;
			children = (
				AD1F0622236760CD00F74D9A /* Preview Assets.xcassets */,
			);
			path = "Preview Content";
			sourceTree = "<group>";
		};
		AD1F062F236760CD00F74D9A /* SequorTests */ = {
			isa = PBXGroup;
			children = (
				AD142C00239BC8DD00A26F0B /* IntegrationTests.swift */,
				AD7E5A592399147400A22B7C /* NetworkTests.swift */,
				AD1F0630236760CD00F74D9A /* SequorTests.swift */,
				AD1F0632236760CD00F74D9A /* Info.plist */,
			);
			path = SequorTests;
			sourceTree = "<group>";
		};
		AD1F063A236760CD00F74D9A /* SequorUITests */ = {
			isa = PBXGroup;
			children = (
				AD1F063B236760CD00F74D9A /* SequorUITests.swift */,
				AD1F063D236760CD00F74D9A /* Info.plist */,
			);
			path = SequorUITests;
			sourceTree = "<group>";
		};
		AD1F064A236761C800F74D9A /* Views */ = {
			isa = PBXGroup;
			children = (
				ADA166EC238430D800C53998 /* Components */,
				ADDFE16C23748F4B007BD2A8 /* CouponView.swift */,
				AD1F061D236760CC00F74D9A /* HomeView.swift */,
				ADBEB00823743CB9001534CD /* DashboardView.swift */,
				ADBEB00C2374423D001534CD /* PurchaseView.swift */,
				ADD8B71E237B0DDD00D8DD55 /* Profile.swift */,
				AD114B672378A5E400313515 /* MapView.swift */,
			);
			path = Views;
			sourceTree = "<group>";
		};
		ADA166EC238430D800C53998 /* Components */ = {
			isa = PBXGroup;
			children = (
				ADD8B722237B4ECF00D8DD55 /* RelativeTime.swift */,
				ADA166ED238430E700C53998 /* ActivityView.swift */,
			);
			path = Components;
			sourceTree = "<group>";
		};
		ADCD0ADE23A02E1B0038114F /* Utils */ = {
			isa = PBXGroup;
			children = (
				ADCD0ADF23A02E260038114F /* +CMMotionActivity.swift */,
			);
			path = Utils;
			sourceTree = "<group>";
		};
		ADCD0AE123A02E6E0038114F /* Models */ = {
			isa = PBXGroup;
			children = (
				ADD8B724237BF99900D8DD55 /* ActivityManager.swift */,
				AD18F04D2385352300F3D1B8 /* LocationLogger.swift */,
			);
			path = Models;
			sourceTree = "<group>";
		};
		ADD8B71A237B0BBF00D8DD55 /* Unused */ = {
			isa = PBXGroup;
			children = (
				ADCD0AE123A02E6E0038114F /* Models */,
				ADD8B71B237B0BE300D8DD55 /* Views */,
				13BD5C0E2375A7C000B44A26 /* Utils */,
			);
			path = Unused;
			sourceTree = "<group>";
		};
		ADD8B71B237B0BE300D8DD55 /* Views */ = {
			isa = PBXGroup;
			children = (
				13BD5C0B2375A3B500B44A26 /* Components */,
				ADBEB00A23743E12001534CD /* CouponsView.swift */,
				13BFC8E62368435500BE20D0 /* LoginView.swift */,
				132F7DC7236858AF00ACE585 /* AccountView.swift */,
			);
			path = Views;
			sourceTree = "<group>";
		};
		ADDFE16823748F15007BD2A8 /* Models */ = {
			isa = PBXGroup;
			children = (
				ADD8B71C237B0C9F00D8DD55 /* AppState.swift */,
				ADDFE16923748F24007BD2A8 /* Coupon.swift */,
				ADCD0ADC23A02DDB0038114F /* LocationSegment.swift */,
				ADECEB132375AAD70097B726 /* Ticket.swift */,
				AD18F04F2385358300F3D1B8 /* Trip.swift */,
				AD34F9A8239FB0A100B78DAA /* TripSegmentator.swift */,
			);
			path = Models;
			sourceTree = "<group>";
		};
/* End PBXGroup section */

/* Begin PBXNativeTarget section */
		AD1F0615236760CC00F74D9A /* Sequor */ = {
			isa = PBXNativeTarget;
			buildConfigurationList = AD1F0640236760CD00F74D9A /* Build configuration list for PBXNativeTarget "Sequor" */;
			buildPhases = (
				AD1F0612236760CC00F74D9A /* Sources */,
				AD1F0613236760CC00F74D9A /* Frameworks */,
				AD1F0614236760CC00F74D9A /* Resources */,
				ADBE06BD236769C3001E0CDE /* ShellScript */,
			);
			buildRules = (
			);
			dependencies = (
			);
			name = Sequor;
			productName = Sequor;
			productReference = AD1F0616236760CC00F74D9A /* Sequor.app */;
			productType = "com.apple.product-type.application";
		};
		AD1F062B236760CD00F74D9A /* SequorTests */ = {
			isa = PBXNativeTarget;
			buildConfigurationList = AD1F0643236760CD00F74D9A /* Build configuration list for PBXNativeTarget "SequorTests" */;
			buildPhases = (
				AD1F0628236760CD00F74D9A /* Sources */,
				AD1F0629236760CD00F74D9A /* Frameworks */,
				AD1F062A236760CD00F74D9A /* Resources */,
			);
			buildRules = (
			);
			dependencies = (
				AD1F062E236760CD00F74D9A /* PBXTargetDependency */,
			);
			name = SequorTests;
			productName = SequorTests;
			productReference = AD1F062C236760CD00F74D9A /* SequorTests.xctest */;
			productType = "com.apple.product-type.bundle.unit-test";
		};
		AD1F0636236760CD00F74D9A /* SequorUITests */ = {
			isa = PBXNativeTarget;
			buildConfigurationList = AD1F0646236760CD00F74D9A /* Build configuration list for PBXNativeTarget "SequorUITests" */;
			buildPhases = (
				AD1F0633236760CD00F74D9A /* Sources */,
				AD1F0634236760CD00F74D9A /* Frameworks */,
				AD1F0635236760CD00F74D9A /* Resources */,
			);
			buildRules = (
			);
			dependencies = (
				AD1F0639236760CD00F74D9A /* PBXTargetDependency */,
			);
			name = SequorUITests;
			productName = SequorUITests;
			productReference = AD1F0637236760CD00F74D9A /* SequorUITests.xctest */;
			productType = "com.apple.product-type.bundle.ui-testing";
		};
/* End PBXNativeTarget section */

/* Begin PBXProject section */
		AD1F060E236760CC00F74D9A /* Project object */ = {
			isa = PBXProject;
			attributes = {
				LastSwiftUpdateCheck = 1120;
				LastUpgradeCheck = 1120;
				ORGANIZATIONNAME = "Anton Roslund";
				TargetAttributes = {
					AD1F0615236760CC00F74D9A = {
						CreatedOnToolsVersion = 11.2;
					};
					AD1F062B236760CD00F74D9A = {
						CreatedOnToolsVersion = 11.2;
					};
					AD1F0636236760CD00F74D9A = {
						CreatedOnToolsVersion = 11.2;
						TestTargetID = AD1F0615236760CC00F74D9A;
					};
				};
			};
			buildConfigurationList = AD1F0611236760CC00F74D9A /* Build configuration list for PBXProject "Sequor" */;
			compatibilityVersion = "Xcode 9.3";
			developmentRegion = en;
			hasScannedForEncodings = 0;
			knownRegions = (
				en,
				Base,
			);
			mainGroup = AD1F060D236760CC00F74D9A;
			productRefGroup = AD1F0617236760CC00F74D9A /* Products */;
			projectDirPath = "";
			projectRoot = "";
			targets = (
				AD1F0615236760CC00F74D9A /* Sequor */,
				AD1F062B236760CD00F74D9A /* SequorTests */,
				AD1F0636236760CD00F74D9A /* SequorUITests */,
			);
		};
/* End PBXProject section */

/* Begin PBXResourcesBuildPhase section */
		AD1F0614236760CC00F74D9A /* Resources */ = {
			isa = PBXResourcesBuildPhase;
			buildActionMask = 2147483647;
			files = (
				AD1F0626236760CD00F74D9A /* LaunchScreen.storyboard in Resources */,
				AD1F0623236760CD00F74D9A /* Preview Assets.xcassets in Resources */,
				AD1F0620236760CD00F74D9A /* Assets.xcassets in Resources */,
			);
			runOnlyForDeploymentPostprocessing = 0;
		};
		AD1F062A236760CD00F74D9A /* Resources */ = {
			isa = PBXResourcesBuildPhase;
			buildActionMask = 2147483647;
			files = (
			);
			runOnlyForDeploymentPostprocessing = 0;
		};
		AD1F0635236760CD00F74D9A /* Resources */ = {
			isa = PBXResourcesBuildPhase;
			buildActionMask = 2147483647;
			files = (
			);
			runOnlyForDeploymentPostprocessing = 0;
		};
/* End PBXResourcesBuildPhase section */

/* Begin PBXShellScriptBuildPhase section */
		ADBE06BD236769C3001E0CDE /* ShellScript */ = {
			isa = PBXShellScriptBuildPhase;
			buildActionMask = 2147483647;
			files = (
			);
			inputFileListPaths = (
			);
			inputPaths = (
			);
			outputFileListPaths = (
			);
			outputPaths = (
			);
			runOnlyForDeploymentPostprocessing = 0;
			shellPath = /bin/sh;
			shellScript = "if which swiftlint >/dev/null; then\n  swiftlint\nelse\n  echo \"warning: SwiftLint not installed, download from https://github.com/realm/SwiftLint\"\nfi\n";
		};
/* End PBXShellScriptBuildPhase section */

/* Begin PBXSourcesBuildPhase section */
		AD1F0612236760CC00F74D9A /* Sources */ = {
			isa = PBXSourcesBuildPhase;
			buildActionMask = 2147483647;
			files = (
				ADECEB142375AAD70097B726 /* Ticket.swift in Sources */,
				ADD8B723237B4ECF00D8DD55 /* RelativeTime.swift in Sources */,
				ADC2A22B238714B10096F1ED /* HTTP.swift in Sources */,
				ADD8B71D237B0C9F00D8DD55 /* AppState.swift in Sources */,
				AD34F9A9239FB0A100B78DAA /* TripSegmentator.swift in Sources */,
				ADBEB00D2374423D001534CD /* PurchaseView.swift in Sources */,
				ADCD0ADD23A02DDB0038114F /* LocationSegment.swift in Sources */,
				AD1F061A236760CC00F74D9A /* AppDelegate.swift in Sources */,
				ADDFE16D23748F4B007BD2A8 /* CouponView.swift in Sources */,
				AD7FAB06239FA9DE002EAAEB /* MapView.swift in Sources */,
				ADBEB00923743CB9001534CD /* DashboardView.swift in Sources */,
				ADDFE16A23748F24007BD2A8 /* Coupon.swift in Sources */,
				ADD8B71F237B0DDD00D8DD55 /* Profile.swift in Sources */,
				ADA166EE238430E700C53998 /* ActivityView.swift in Sources */,
				AD1F061C236760CC00F74D9A /* SceneDelegate.swift in Sources */,
				AD1F061E236760CC00F74D9A /* HomeView.swift in Sources */,
				AD18F0502385358300F3D1B8 /* Trip.swift in Sources */,
				ADCD0AE023A02E260038114F /* +CMMotionActivity.swift in Sources */,
				AD142BED239997B200A26F0B /* Endpoint.swift in Sources */,
			);
			runOnlyForDeploymentPostprocessing = 0;
		};
		AD1F0628236760CD00F74D9A /* Sources */ = {
			isa = PBXSourcesBuildPhase;
			buildActionMask = 2147483647;
			files = (
				AD142C02239BCBD900A26F0B /* Trip.swift in Sources */,
				AD142C03239C0C2C00A26F0B /* Ticket.swift in Sources */,
				AD7E5A5A2399147400A22B7C /* NetworkTests.swift in Sources */,
				AD142BF5239A686400A26F0B /* HTTP.swift in Sources */,
				AD142C01239BC8DD00A26F0B /* IntegrationTests.swift in Sources */,
				AD142BEF23999D5F00A26F0B /* Endpoint.swift in Sources */,
			);
			runOnlyForDeploymentPostprocessing = 0;
		};
		AD1F0633236760CD00F74D9A /* Sources */ = {
			isa = PBXSourcesBuildPhase;
			buildActionMask = 2147483647;
			files = (
				AD1F063C236760CD00F74D9A /* SequorUITests.swift in Sources */,
			);
			runOnlyForDeploymentPostprocessing = 0;
		};
/* End PBXSourcesBuildPhase section */

/* Begin PBXTargetDependency section */
		AD1F062E236760CD00F74D9A /* PBXTargetDependency */ = {
			isa = PBXTargetDependency;
			target = AD1F0615236760CC00F74D9A /* Sequor */;
			targetProxy = AD1F062D236760CD00F74D9A /* PBXContainerItemProxy */;
		};
		AD1F0639236760CD00F74D9A /* PBXTargetDependency */ = {
			isa = PBXTargetDependency;
			target = AD1F0615236760CC00F74D9A /* Sequor */;
			targetProxy = AD1F0638236760CD00F74D9A /* PBXContainerItemProxy */;
		};
/* End PBXTargetDependency section */

/* Begin PBXVariantGroup section */
		AD1F0624236760CD00F74D9A /* LaunchScreen.storyboard */ = {
			isa = PBXVariantGroup;
			children = (
				AD1F0625236760CD00F74D9A /* Base */,
			);
			name = LaunchScreen.storyboard;
			sourceTree = "<group>";
		};
/* End PBXVariantGroup section */

/* Begin XCBuildConfiguration section */
		AD1F063E236760CD00F74D9A /* Debug */ = {
			isa = XCBuildConfiguration;
			buildSettings = {
				ALWAYS_SEARCH_USER_PATHS = NO;
				CLANG_ANALYZER_NONNULL = YES;
				CLANG_ANALYZER_NUMBER_OBJECT_CONVERSION = YES_AGGRESSIVE;
				CLANG_CXX_LANGUAGE_STANDARD = "gnu++14";
				CLANG_CXX_LIBRARY = "libc++";
				CLANG_ENABLE_MODULES = YES;
				CLANG_ENABLE_OBJC_ARC = YES;
				CLANG_ENABLE_OBJC_WEAK = YES;
				CLANG_WARN_BLOCK_CAPTURE_AUTORELEASING = YES;
				CLANG_WARN_BOOL_CONVERSION = YES;
				CLANG_WARN_COMMA = YES;
				CLANG_WARN_CONSTANT_CONVERSION = YES;
				CLANG_WARN_DEPRECATED_OBJC_IMPLEMENTATIONS = YES;
				CLANG_WARN_DIRECT_OBJC_ISA_USAGE = YES_ERROR;
				CLANG_WARN_DOCUMENTATION_COMMENTS = YES;
				CLANG_WARN_EMPTY_BODY = YES;
				CLANG_WARN_ENUM_CONVERSION = YES;
				CLANG_WARN_INFINITE_RECURSION = YES;
				CLANG_WARN_INT_CONVERSION = YES;
				CLANG_WARN_NON_LITERAL_NULL_CONVERSION = YES;
				CLANG_WARN_OBJC_IMPLICIT_RETAIN_SELF = YES;
				CLANG_WARN_OBJC_LITERAL_CONVERSION = YES;
				CLANG_WARN_OBJC_ROOT_CLASS = YES_ERROR;
				CLANG_WARN_RANGE_LOOP_ANALYSIS = YES;
				CLANG_WARN_STRICT_PROTOTYPES = YES;
				CLANG_WARN_SUSPICIOUS_MOVE = YES;
				CLANG_WARN_UNGUARDED_AVAILABILITY = YES_AGGRESSIVE;
				CLANG_WARN_UNREACHABLE_CODE = YES;
				CLANG_WARN__DUPLICATE_METHOD_MATCH = YES;
				COPY_PHASE_STRIP = NO;
				DEBUG_INFORMATION_FORMAT = dwarf;
				ENABLE_STRICT_OBJC_MSGSEND = YES;
				ENABLE_TESTABILITY = YES;
				GCC_C_LANGUAGE_STANDARD = gnu11;
				GCC_DYNAMIC_NO_PIC = NO;
				GCC_NO_COMMON_BLOCKS = YES;
				GCC_OPTIMIZATION_LEVEL = 0;
				GCC_PREPROCESSOR_DEFINITIONS = (
					"DEBUG=1",
					"$(inherited)",
				);
				GCC_WARN_64_TO_32_BIT_CONVERSION = YES;
				GCC_WARN_ABOUT_RETURN_TYPE = YES_ERROR;
				GCC_WARN_UNDECLARED_SELECTOR = YES;
				GCC_WARN_UNINITIALIZED_AUTOS = YES_AGGRESSIVE;
				GCC_WARN_UNUSED_FUNCTION = YES;
				GCC_WARN_UNUSED_VARIABLE = YES;
				IPHONEOS_DEPLOYMENT_TARGET = 13.2;
				MTL_ENABLE_DEBUG_INFO = INCLUDE_SOURCE;
				MTL_FAST_MATH = YES;
				ONLY_ACTIVE_ARCH = YES;
				SDKROOT = iphoneos;
				SWIFT_ACTIVE_COMPILATION_CONDITIONS = DEBUG;
				SWIFT_OPTIMIZATION_LEVEL = "-Onone";
			};
			name = Debug;
		};
		AD1F063F236760CD00F74D9A /* Release */ = {
			isa = XCBuildConfiguration;
			buildSettings = {
				ALWAYS_SEARCH_USER_PATHS = NO;
				CLANG_ANALYZER_NONNULL = YES;
				CLANG_ANALYZER_NUMBER_OBJECT_CONVERSION = YES_AGGRESSIVE;
				CLANG_CXX_LANGUAGE_STANDARD = "gnu++14";
				CLANG_CXX_LIBRARY = "libc++";
				CLANG_ENABLE_MODULES = YES;
				CLANG_ENABLE_OBJC_ARC = YES;
				CLANG_ENABLE_OBJC_WEAK = YES;
				CLANG_WARN_BLOCK_CAPTURE_AUTORELEASING = YES;
				CLANG_WARN_BOOL_CONVERSION = YES;
				CLANG_WARN_COMMA = YES;
				CLANG_WARN_CONSTANT_CONVERSION = YES;
				CLANG_WARN_DEPRECATED_OBJC_IMPLEMENTATIONS = YES;
				CLANG_WARN_DIRECT_OBJC_ISA_USAGE = YES_ERROR;
				CLANG_WARN_DOCUMENTATION_COMMENTS = YES;
				CLANG_WARN_EMPTY_BODY = YES;
				CLANG_WARN_ENUM_CONVERSION = YES;
				CLANG_WARN_INFINITE_RECURSION = YES;
				CLANG_WARN_INT_CONVERSION = YES;
				CLANG_WARN_NON_LITERAL_NULL_CONVERSION = YES;
				CLANG_WARN_OBJC_IMPLICIT_RETAIN_SELF = YES;
				CLANG_WARN_OBJC_LITERAL_CONVERSION = YES;
				CLANG_WARN_OBJC_ROOT_CLASS = YES_ERROR;
				CLANG_WARN_RANGE_LOOP_ANALYSIS = YES;
				CLANG_WARN_STRICT_PROTOTYPES = YES;
				CLANG_WARN_SUSPICIOUS_MOVE = YES;
				CLANG_WARN_UNGUARDED_AVAILABILITY = YES_AGGRESSIVE;
				CLANG_WARN_UNREACHABLE_CODE = YES;
				CLANG_WARN__DUPLICATE_METHOD_MATCH = YES;
				COPY_PHASE_STRIP = NO;
				DEBUG_INFORMATION_FORMAT = "dwarf-with-dsym";
				ENABLE_NS_ASSERTIONS = NO;
				ENABLE_STRICT_OBJC_MSGSEND = YES;
				GCC_C_LANGUAGE_STANDARD = gnu11;
				GCC_NO_COMMON_BLOCKS = YES;
				GCC_WARN_64_TO_32_BIT_CONVERSION = YES;
				GCC_WARN_ABOUT_RETURN_TYPE = YES_ERROR;
				GCC_WARN_UNDECLARED_SELECTOR = YES;
				GCC_WARN_UNINITIALIZED_AUTOS = YES_AGGRESSIVE;
				GCC_WARN_UNUSED_FUNCTION = YES;
				GCC_WARN_UNUSED_VARIABLE = YES;
				IPHONEOS_DEPLOYMENT_TARGET = 13.2;
				MTL_ENABLE_DEBUG_INFO = NO;
				MTL_FAST_MATH = YES;
				SDKROOT = iphoneos;
				SWIFT_COMPILATION_MODE = wholemodule;
				SWIFT_OPTIMIZATION_LEVEL = "-O";
				VALIDATE_PRODUCT = YES;
			};
			name = Release;
		};
		AD1F0641236760CD00F74D9A /* Debug */ = {
			isa = XCBuildConfiguration;
			buildSettings = {
				ASSETCATALOG_COMPILER_APPICON_NAME = AppIcon;
				CODE_SIGN_STYLE = Automatic;
				DEVELOPMENT_ASSET_PATHS = "\"Sequor/Preview Content\"";
				DEVELOPMENT_TEAM = M5QH7FM2T9;
				ENABLE_PREVIEWS = YES;
				INFOPLIST_FILE = Sequor/Info.plist;
				LD_RUNPATH_SEARCH_PATHS = (
					"$(inherited)",
					"@executable_path/Frameworks",
				);
				MARKETING_VERSION = 0.2.0;
				PRODUCT_BUNDLE_IDENTIFIER = com.roslund.Sequor;
				PRODUCT_NAME = "$(TARGET_NAME)";
				SWIFT_VERSION = 5.0;
				TARGETED_DEVICE_FAMILY = "1,2";
			};
			name = Debug;
		};
		AD1F0642236760CD00F74D9A /* Release */ = {
			isa = XCBuildConfiguration;
			buildSettings = {
				ASSETCATALOG_COMPILER_APPICON_NAME = AppIcon;
				CODE_SIGN_STYLE = Automatic;
				DEVELOPMENT_ASSET_PATHS = "\"Sequor/Preview Content\"";
				DEVELOPMENT_TEAM = M5QH7FM2T9;
				ENABLE_PREVIEWS = YES;
				INFOPLIST_FILE = Sequor/Info.plist;
				LD_RUNPATH_SEARCH_PATHS = (
					"$(inherited)",
					"@executable_path/Frameworks",
				);
				MARKETING_VERSION = 0.2.0;
				PRODUCT_BUNDLE_IDENTIFIER = com.roslund.Sequor;
				PRODUCT_NAME = "$(TARGET_NAME)";
				SWIFT_VERSION = 5.0;
				TARGETED_DEVICE_FAMILY = "1,2";
			};
			name = Release;
		};
		AD1F0644236760CD00F74D9A /* Debug */ = {
			isa = XCBuildConfiguration;
			buildSettings = {
				ALWAYS_EMBED_SWIFT_STANDARD_LIBRARIES = YES;
				CODE_SIGN_STYLE = Automatic;
				DEVELOPMENT_TEAM = M5QH7FM2T9;
				INFOPLIST_FILE = SequorTests/Info.plist;
				IPHONEOS_DEPLOYMENT_TARGET = 13.2;
				LD_RUNPATH_SEARCH_PATHS = (
					"$(inherited)",
					"@executable_path/Frameworks",
					"@loader_path/Frameworks",
				);
				PRODUCT_BUNDLE_IDENTIFIER = com.roslund.SequorTests;
				PRODUCT_NAME = "$(TARGET_NAME)";
				SWIFT_VERSION = 5.0;
				TARGETED_DEVICE_FAMILY = "1,2";
			};
			name = Debug;
		};
		AD1F0645236760CD00F74D9A /* Release */ = {
			isa = XCBuildConfiguration;
			buildSettings = {
				ALWAYS_EMBED_SWIFT_STANDARD_LIBRARIES = YES;
				CODE_SIGN_STYLE = Automatic;
				DEVELOPMENT_TEAM = M5QH7FM2T9;
				INFOPLIST_FILE = SequorTests/Info.plist;
				IPHONEOS_DEPLOYMENT_TARGET = 13.2;
				LD_RUNPATH_SEARCH_PATHS = (
					"$(inherited)",
					"@executable_path/Frameworks",
					"@loader_path/Frameworks",
				);
				PRODUCT_BUNDLE_IDENTIFIER = com.roslund.SequorTests;
				PRODUCT_NAME = "$(TARGET_NAME)";
				SWIFT_VERSION = 5.0;
				TARGETED_DEVICE_FAMILY = "1,2";
			};
			name = Release;
		};
		AD1F0647236760CD00F74D9A /* Debug */ = {
			isa = XCBuildConfiguration;
			buildSettings = {
				ALWAYS_EMBED_SWIFT_STANDARD_LIBRARIES = YES;
				CODE_SIGN_STYLE = Automatic;
				DEVELOPMENT_TEAM = M5QH7FM2T9;
				INFOPLIST_FILE = SequorUITests/Info.plist;
				LD_RUNPATH_SEARCH_PATHS = (
					"$(inherited)",
					"@executable_path/Frameworks",
					"@loader_path/Frameworks",
				);
				PRODUCT_BUNDLE_IDENTIFIER = com.roslund.SequorUITests;
				PRODUCT_NAME = "$(TARGET_NAME)";
				SWIFT_VERSION = 5.0;
				TARGETED_DEVICE_FAMILY = "1,2";
				TEST_TARGET_NAME = Sequor;
			};
			name = Debug;
		};
		AD1F0648236760CD00F74D9A /* Release */ = {
			isa = XCBuildConfiguration;
			buildSettings = {
				ALWAYS_EMBED_SWIFT_STANDARD_LIBRARIES = YES;
				CODE_SIGN_STYLE = Automatic;
				DEVELOPMENT_TEAM = M5QH7FM2T9;
				INFOPLIST_FILE = SequorUITests/Info.plist;
				LD_RUNPATH_SEARCH_PATHS = (
					"$(inherited)",
					"@executable_path/Frameworks",
					"@loader_path/Frameworks",
				);
				PRODUCT_BUNDLE_IDENTIFIER = com.roslund.SequorUITests;
				PRODUCT_NAME = "$(TARGET_NAME)";
				SWIFT_VERSION = 5.0;
				TARGETED_DEVICE_FAMILY = "1,2";
				TEST_TARGET_NAME = Sequor;
			};
			name = Release;
		};
/* End XCBuildConfiguration section */

/* Begin XCConfigurationList section */
		AD1F0611236760CC00F74D9A /* Build configuration list for PBXProject "Sequor" */ = {
			isa = XCConfigurationList;
			buildConfigurations = (
				AD1F063E236760CD00F74D9A /* Debug */,
				AD1F063F236760CD00F74D9A /* Release */,
			);
			defaultConfigurationIsVisible = 0;
			defaultConfigurationName = Release;
		};
		AD1F0640236760CD00F74D9A /* Build configuration list for PBXNativeTarget "Sequor" */ = {
			isa = XCConfigurationList;
			buildConfigurations = (
				AD1F0641236760CD00F74D9A /* Debug */,
				AD1F0642236760CD00F74D9A /* Release */,
			);
			defaultConfigurationIsVisible = 0;
			defaultConfigurationName = Release;
		};
		AD1F0643236760CD00F74D9A /* Build configuration list for PBXNativeTarget "SequorTests" */ = {
			isa = XCConfigurationList;
			buildConfigurations = (
				AD1F0644236760CD00F74D9A /* Debug */,
				AD1F0645236760CD00F74D9A /* Release */,
			);
			defaultConfigurationIsVisible = 0;
			defaultConfigurationName = Release;
		};
		AD1F0646236760CD00F74D9A /* Build configuration list for PBXNativeTarget "SequorUITests" */ = {
			isa = XCConfigurationList;
			buildConfigurations = (
				AD1F0647236760CD00F74D9A /* Debug */,
				AD1F0648236760CD00F74D9A /* Release */,
			);
			defaultConfigurationIsVisible = 0;
			defaultConfigurationName = Release;
		};
/* End XCConfigurationList section */
	};
	rootObject = AD1F060E236760CC00F74D9A /* Project object */;
}
